
Microsoft Visual Studio Solution File, Format Version 12.00
# Visual Studio 2013
VisualStudioVersion = 12.0.21005.1
MinimumVisualStudioVersion = 10.0.40219.1
Project("{FAE04EC0-301F-11D3-BF4B-00C04F79EFBC}") = "YouTubeDL", "YouTubeDL.csproj", "{563B1833-9665-43B0-AC6C-DC30A264D577}"
EndProject
Project("{6141683F-8A12-4E36-9623-2EB02B2C2303}") = "YouTube Downloader Setup", "..\YouTube Downloader Setup\YouTube Downloader Setup.isproj", "{D9EA5476-0B14-4917-8E7F-D4B03577B69F}"
	ProjectSection(ProjectDependencies) = postProject
		{563B1833-9665-43B0-AC6C-DC30A264D577} = {563B1833-9665-43B0-AC6C-DC30A264D577}
	EndProjectSection
EndProject
Global
	GlobalSection(SolutionConfigurationPlatforms) = preSolution
		CD_ROM|Any CPU = CD_ROM|Any CPU
		Debug|Any CPU = Debug|Any CPU
		DVD-5|Any CPU = DVD-5|Any CPU
		Release|Any CPU = Release|Any CPU
		SingleImage|Any CPU = SingleImage|Any CPU
	EndGlobalSection
	GlobalSection(ProjectConfigurationPlatforms) = postSolution
		{563B1833-9665-43B0-AC6C-DC30A264D577}.CD_ROM|Any CPU.ActiveCfg = Release|Any CPU
		{563B1833-9665-43B0-AC6C-DC30A264D577}.CD_ROM|Any CPU.Build.0 = Release|Any CPU
		{563B1833-9665-43B0-AC6C-DC30A264D577}.Debug|Any CPU.ActiveCfg = Debug|Any CPU
		{563B1833-9665-43B0-AC6C-DC30A264D577}.Debug|Any CPU.Build.0 = Debug|Any CPU
		{563B1833-9665-43B0-AC6C-DC30A264D577}.DVD-5|Any CPU.ActiveCfg = Debug|Any CPU
		{563B1833-9665-43B0-AC6C-DC30A264D577}.DVD-5|Any CPU.Build.0 = Debug|Any CPU
		{563B1833-9665-43B0-AC6C-DC30A264D577}.Release|Any CPU.ActiveCfg = Release|Any CPU
		{563B1833-9665-43B0-AC6C-DC30A264D577}.Release|Any CPU.Build.0 = Release|Any CPU
		{563B1833-9665-43B0-AC6C-DC30A264D577}.SingleImage|Any CPU.ActiveCfg = Release|Any CPU
		{563B1833-9665-43B0-AC6C-DC30A264D577}.SingleImage|Any CPU.Build.0 = Release|Any CPU
		{D9EA5476-0B14-4917-8E7F-D4B03577B69F}.CD_ROM|Any CPU.ActiveCfg = CD_ROM
		{D9EA5476-0B14-4917-8E7F-D4B03577B69F}.CD_ROM|Any CPU.Build.0 = CD_ROM
		{D9EA5476-0B14-4917-8E7F-D4B03577B69F}.Debug|Any CPU.ActiveCfg = DVD-5
		{D9EA5476-0B14-4917-8E7F-D4B03577B69F}.Debug|Any CPU.Build.0 = DVD-5
		{D9EA5476-0B14-4917-8E7F-D4B03577B69F}.DVD-5|Any CPU.ActiveCfg = DVD-5
		{D9EA5476-0B14-4917-8E7F-D4B03577B69F}.DVD-5|Any CPU.Build.0 = DVD-5
		{D9EA5476-0B14-4917-8E7F-D4B03577B69F}.Release|Any CPU.ActiveCfg = SingleImage
		{D9EA5476-0B14-4917-8E7F-D4B03577B69F}.Release|Any CPU.Build.0 = SingleImage
		{D9EA5476-0B14-4917-8E7F-D4B03577B69F}.SingleImage|Any CPU.ActiveCfg = SingleImage
		{D9EA5476-0B14-4917-8E7F-D4B03577B69F}.SingleImage|Any CPU.Build.0 = SingleImage
	EndGlobalSection
	GlobalSection(SolutionProperties) = preSolution
		HideSolutionNode = FALSE
	EndGlobalSection
EndGlobal
